{
  "name": "standard-readme-spec",
  "version": "1.3.0",
  "lockfileVersion": 3,
  "requires": true,
  "packages": {
    "": {
      "name": "standard-readme-spec",
      "version": "1.3.0",
      "license": "MIT",
      "bin": {
        "standard-readme": "cat.js"
      },
      "funding": {
        "type": "opencollective",
        "url": "https://opencollective.com/standard-readme"
      }
    }
  }
}
